// !$*UTF8*$!
{
	archiveVersion = 1;
	classes = {
	};
	objectVersion = 56;
	objects = {

/* Begin PBXBuildFile section */
		18356AE12C8195C200A2DF98 /* Test_1App.swift in Sources */ = {isa = PBXBuildFile; fileRef = 18356AE02C8195C200A2DF98 /* Test_1App.swift */; };
		18356AE32C8195C200A2DF98 /* ContentView.swift in Sources */ = {isa = PBXBuildFile; fileRef = 18356AE22C8195C200A2DF98 /* ContentView.swift */; };
		18356AE52C8195C500A2DF98 /* Assets.xcassets in Resources */ = {isa = PBXBuildFile; fileRef = 18356AE42C8195C500A2DF98 /* Assets.xcassets */; };
		18356AE82C8195C500A2DF98 /* Preview Assets.xcassets in Resources */ = {isa = PBXBuildFile; fileRef = 18356AE72C8195C500A2DF98 /* Preview Assets.xcassets */; };
		18356AEF2C81969600A2DF98 /* CoreDataManager.swift in Sources */ = {isa = PBXBuildFile; fileRef = 18356AEE2C81969600A2DF98 /* CoreDataManager.swift */; };
		5B0A5DA82C81E5D40057098B /* ListRowView.swift in Sources */ = {isa = PBXBuildFile; fileRef = 5B0A5DA72C81E5D40057098B /* ListRowView.swift */; };
		5B0A5DAB2C81EAE60057098B /* PatientDetails.xcdatamodeld in Sources */ = {isa = PBXBuildFile; fileRef = 5B0A5DA92C81EAE60057098B /* PatientDetails.xcdatamodeld */; };
		5B98FE8E2C819AF000900B8E /* HomeView.swift in Sources */ = {isa = PBXBuildFile; fileRef = 5B98FE8D2C819AF000900B8E /* HomeView.swift */; };
		5B98FE932C81A4F900900B8E /* AddPatientDetails.swift in Sources */ = {isa = PBXBuildFile; fileRef = 5B98FE922C81A4F900900B8E /* AddPatientDetails.swift */; };
		5B98FE992C81AEF500900B8E /* GooglePlaces in Frameworks */ = {isa = PBXBuildFile; productRef = 5B98FE982C81AEF500900B8E /* GooglePlaces */; };
		5B98FE9C2C81B15000900B8E /* GoogleMaps in Frameworks */ = {isa = PBXBuildFile; productRef = 5B98FE9B2C81B15000900B8E /* GoogleMaps */; };
		5B98FE9E2C81B16C00900B8E /* AppDelegate.swift in Sources */ = {isa = PBXBuildFile; fileRef = 5B98FE9D2C81B16C00900B8E /* AppDelegate.swift */; };
/* End PBXBuildFile section */

/* Begin PBXFileReference section */
		18356ADD2C8195C200A2DF98 /* Test_1.app */ = {isa = PBXFileReference; explicitFileType = wrapper.application; includeInIndex = 0; path = Test_1.app; sourceTree = BUILT_PRODUCTS_DIR; };
		18356AE02C8195C200A2DF98 /* Test_1App.swift */ = {isa = PBXFileReference; lastKnownFileType = sourcecode.swift; path = Test_1App.swift; sourceTree = "<group>"; };
		18356AE22C8195C200A2DF98 /* ContentView.swift */ = {isa = PBXFileReference; lastKnownFileType = sourcecode.swift; path = ContentView.swift; sourceTree = "<group>"; };
		18356AE42C8195C500A2DF98 /* Assets.xcassets */ = {isa = PBXFileReference; lastKnownFileType = folder.assetcatalog; path = Assets.xcassets; sourceTree = "<group>"; };
		18356AE72C8195C500A2DF98 /* Preview Assets.xcassets */ = {isa = PBXFileReference; lastKnownFileType = folder.assetcatalog; path = "Preview Assets.xcassets"; sourceTree = "<group>"; };
		18356AEE2C81969600A2DF98 /* CoreDataManager.swift */ = {isa = PBXFileReference; lastKnownFileType = sourcecode.swift; path = CoreDataManager.swift; sourceTree = "<group>"; };
		5B0A5DA72C81E5D40057098B /* ListRowView.swift */ = {isa = PBXFileReference; lastKnownFileType = sourcecode.swift; path = ListRowView.swift; sourceTree = "<group>"; };
		5B0A5DAA2C81EAE60057098B /* PatientDetails.xcdatamodel */ = {isa = PBXFileReference; lastKnownFileType = wrapper.xcdatamodel; path = PatientDetails.xcdatamodel; sourceTree = "<group>"; };
		5B98FE8D2C819AF000900B8E /* HomeView.swift */ = {isa = PBXFileReference; lastKnownFileType = sourcecode.swift; path = HomeView.swift; sourceTree = "<group>"; };
		5B98FE922C81A4F900900B8E /* AddPatientDetails.swift */ = {isa = PBXFileReference; lastKnownFileType = sourcecode.swift; path = AddPatientDetails.swift; sourceTree = "<group>"; };
		5B98FE962C81AA0F00900B8E /* Test-1-Info.plist */ = {isa = PBXFileReference; lastKnownFileType = text.plist; path = "Test-1-Info.plist"; sourceTree = SOURCE_ROOT; };
		5B98FE9D2C81B16C00900B8E /* AppDelegate.swift */ = {isa = PBXFileReference; fileEncoding = 4; lastKnownFileType = sourcecode.swift; path = AppDelegate.swift; sourceTree = "<group>"; };
/* End PBXFileReference section */

/* Begin PBXFrameworksBuildPhase section */
		18356ADA2C8195C200A2DF98 /* Frameworks */ = {
			isa = PBXFrameworksBuildPhase;
			buildActionMask = 2147483647;
			files = (
				5B98FE9C2C81B15000900B8E /* GoogleMaps in Frameworks */,
				5B98FE992C81AEF500900B8E /* GooglePlaces in Frameworks */,
			);
			runOnlyForDeploymentPostprocessing = 0;
		};
/* End PBXFrameworksBuildPhase section */

/* Begin PBXGroup section */
		18356AD42C8195C200A2DF98 = {
			isa = PBXGroup;
			children = (
				5B0A5DA92C81EAE60057098B /* PatientDetails.xcdatamodeld */,
				18356ADF2C8195C200A2DF98 /* Test_1 */,
				18356ADE2C8195C200A2DF98 /* Products */,
			);
			sourceTree = "<group>";
		};
		18356ADE2C8195C200A2DF98 /* Products */ = {
			isa = PBXGroup;
			children = (
				18356ADD2C8195C200A2DF98 /* Test_1.app */,
			);
			name = Products;
			sourceTree = "<group>";
		};
		18356ADF2C8195C200A2DF98 /* Test_1 */ = {
			isa = PBXGroup;
			children = (
				5B98FE9D2C81B16C00900B8E /* AppDelegate.swift */,
				5B98FE962C81AA0F00900B8E /* Test-1-Info.plist */,
				5B0A5DA72C81E5D40057098B /* ListRowView.swift */,
				18356AE02C8195C200A2DF98 /* Test_1App.swift */,
				18356AE22C8195C200A2DF98 /* ContentView.swift */,
				5B98FE8D2C819AF000900B8E /* HomeView.swift */,
				5B98FE922C81A4F900900B8E /* AddPatientDetails.swift */,
				18356AEE2C81969600A2DF98 /* CoreDataManager.swift */,
				18356AE42C8195C500A2DF98 /* Assets.xcassets */,
				18356AE62C8195C500A2DF98 /* Preview Content */,
			);
			path = Test_1;
			sourceTree = "<group>";
		};
		18356AE62C8195C500A2DF98 /* Preview Content */ = {
			isa = PBXGroup;
			children = (
				18356AE72C8195C500A2DF98 /* Preview Assets.xcassets */,
			);
			path = "Preview Content";
			sourceTree = "<group>";
		};
/* End PBXGroup section */

/* Begin PBXNativeTarget section */
		18356ADC2C8195C200A2DF98 /* Test_1 */ = {
			isa = PBXNativeTarget;
			buildConfigurationList = 18356AEB2C8195C500A2DF98 /* Build configuration list for PBXNativeTarget "Test_1" */;
			buildPhases = (
				18356AD92C8195C200A2DF98 /* Sources */,
				18356ADA2C8195C200A2DF98 /* Frameworks */,
				18356ADB2C8195C200A2DF98 /* Resources */,
			);
			buildRules = (
			);
			dependencies = (
			);
			name = Test_1;
			packageProductDependencies = (
				5B98FE982C81AEF500900B8E /* GooglePlaces */,
				5B98FE9B2C81B15000900B8E /* GoogleMaps */,
			);
			productName = Test_1;
			productReference = 18356ADD2C8195C200A2DF98 /* Test_1.app */;
			productType = "com.apple.product-type.application";
		};
/* End PBXNativeTarget section */

/* Begin PBXProject section */
		18356AD52C8195C200A2DF98 /* Project object */ = {
			isa = PBXProject;
			attributes = {
				BuildIndependentTargetsInParallel = 1;
				LastSwiftUpdateCheck = 1540;
				LastUpgradeCheck = 1540;
				TargetAttributes = {
					18356ADC2C8195C200A2DF98 = {
						CreatedOnToolsVersion = 15.4;
					};
				};
			};
			buildConfigurationList = 18356AD82C8195C200A2DF98 /* Build configuration list for PBXProject "Test_1" */;
			compatibilityVersion = "Xcode 14.0";
			developmentRegion = en;
			hasScannedForEncodings = 0;
			knownRegions = (
				en,
				Base,
			);
			mainGroup = 18356AD42C8195C200A2DF98;
			packageReferences = (
				5B98FE972C81AEF500900B8E /* XCRemoteSwiftPackageReference "ios-places-sdk" */,
				5B98FE9A2C81B15000900B8E /* XCRemoteSwiftPackageReference "ios-maps-sdk" */,
			);
			productRefGroup = 18356ADE2C8195C200A2DF98 /* Products */;
			projectDirPath = "";
			projectRoot = "";
			targets = (
				18356ADC2C8195C200A2DF98 /* Test_1 */,
			);
		};
/* End PBXProject section */

/* Begin PBXResourcesBuildPhase section */
		18356ADB2C8195C200A2DF98 /* Resources */ = {
			isa = PBXResourcesBuildPhase;
			buildActionMask = 2147483647;
			files = (
				18356AE82C8195C500A2DF98 /* Preview Assets.xcassets in Resources */,
				18356AE52C8195C500A2DF98 /* Assets.xcassets in Resources */,
			);
			runOnlyForDeploymentPostprocessing = 0;
		};
/* End PBXResourcesBuildPhase section */

/* Begin PBXSourcesBuildPhase section */
		18356AD92C8195C200A2DF98 /* Sources */ = {
			isa = PBXSourcesBuildPhase;
			buildActionMask = 2147483647;
			files = (
				18356AEF2C81969600A2DF98 /* CoreDataManager.swift in Sources */,
				5B98FE8E2C819AF000900B8E /* HomeView.swift in Sources */,
				18356AE32C8195C200A2DF98 /* ContentView.swift in Sources */,
				5B0A5DA82C81E5D40057098B /* ListRowView.swift in Sources */,
				18356AE12C8195C200A2DF98 /* Test_1App.swift in Sources */,
				5B98FE9E2C81B16C00900B8E /* AppDelegate.swift in Sources */,
				5B0A5DAB2C81EAE60057098B /* PatientDetails.xcdatamodeld in Sources */,
				5B98FE932C81A4F900900B8E /* AddPatientDetails.swift in Sources */,
			);
			runOnlyForDeploymentPostprocessing = 0;
		};
/* End PBXSourcesBuildPhase section */

/* Begin XCBuildConfiguration section */
		18356AE92C8195C500A2DF98 /* Debug */ = {
			isa = XCBuildConfiguration;
			buildSettings = {
				ALWAYS_SEARCH_USER_PATHS = NO;
				ASSETCATALOG_COMPILER_GENERATE_SWIFT_ASSET_SYMBOL_EXTENSIONS = YES;
				CLANG_ANALYZER_NONNULL = YES;
				CLANG_ANALYZER_NUMBER_OBJECT_CONVERSION = YES_AGGRESSIVE;
				CLANG_CXX_LANGUAGE_STANDARD = "gnu++20";
				CLANG_ENABLE_MODULES = YES;
				CLANG_ENABLE_OBJC_ARC = YES;
				CLANG_ENABLE_OBJC_WEAK = YES;
				CLANG_WARN_BLOCK_CAPTURE_AUTORELEASING = YES;
				CLANG_WARN_BOOL_CONVERSION = YES;
				CLANG_WARN_COMMA = YES;
				CLANG_WARN_CONSTANT_CONVERSION = YES;
				CLANG_WARN_DEPRECATED_OBJC_IMPLEMENTATIONS = YES;
				CLANG_WARN_DIRECT_OBJC_ISA_USAGE = YES_ERROR;
				CLANG_WARN_DOCUMENTATION_COMMENTS = YES;
				CLANG_WARN_EMPTY_BODY = YES;
				CLANG_WARN_ENUM_CONVERSION = YES;
				CLANG_WARN_INFINITE_RECURSION = YES;
				CLANG_WARN_INT_CONVERSION = YES;
				CLANG_WARN_NON_LITERAL_NULL_CONVERSION = YES;
				CLANG_WARN_OBJC_IMPLICIT_RETAIN_SELF = YES;
				CLANG_WARN_OBJC_LITERAL_CONVERSION = YES;
				CLANG_WARN_OBJC_ROOT_CLASS = YES_ERROR;
				CLANG_WARN_QUOTED_INCLUDE_IN_FRAMEWORK_HEADER = YES;
				CLANG_WARN_RANGE_LOOP_ANALYSIS = YES;
				CLANG_WARN_STRICT_PROTOTYPES = YES;
				CLANG_WARN_SUSPICIOUS_MOVE = YES;
				CLANG_WARN_UNGUARDED_AVAILABILITY = YES_AGGRESSIVE;
				CLANG_WARN_UNREACHABLE_CODE = YES;
				CLANG_WARN__DUPLICATE_METHOD_MATCH = YES;
				COPY_PHASE_STRIP = NO;
				DEBUG_INFORMATION_FORMAT = dwarf;
				ENABLE_STRICT_OBJC_MSGSEND = YES;
				ENABLE_TESTABILITY = YES;
				ENABLE_USER_SCRIPT_SANDBOXING = YES;
				GCC_C_LANGUAGE_STANDARD = gnu17;
				GCC_DYNAMIC_NO_PIC = NO;
				GCC_NO_COMMON_BLOCKS = YES;
				GCC_OPTIMIZATION_LEVEL = 0;
				GCC_PREPROCESSOR_DEFINITIONS = (
					"DEBUG=1",
					"$(inherited)",
				);
				GCC_WARN_64_TO_32_BIT_CONVERSION = YES;
				GCC_WARN_ABOUT_RETURN_TYPE = YES_ERROR;
				GCC_WARN_UNDECLARED_SELECTOR = YES;
				GCC_WARN_UNINITIALIZED_AUTOS = YES_AGGRESSIVE;
				GCC_WARN_UNUSED_FUNCTION = YES;
				GCC_WARN_UNUSED_VARIABLE = YES;
				IPHONEOS_DEPLOYMENT_TARGET = 17.0;
				LOCALIZATION_PREFERS_STRING_CATALOGS = YES;
				MTL_ENABLE_DEBUG_INFO = INCLUDE_SOURCE;
				MTL_FAST_MATH = YES;
				ONLY_ACTIVE_ARCH = YES;
				SDKROOT = iphoneos;
				SWIFT_ACTIVE_COMPILATION_CONDITIONS = "DEBUG $(inherited)";
				SWIFT_OPTIMIZATION_LEVEL = "-Onone";
			};
			name = Debug;
		};
		18356AEA2C8195C500A2DF98 /* Release */ = {
			isa = XCBuildConfiguration;
			buildSettings = {
				ALWAYS_SEARCH_USER_PATHS = NO;
				ASSETCATALOG_COMPILER_GENERATE_SWIFT_ASSET_SYMBOL_EXTENSIONS = YES;
				CLANG_ANALYZER_NONNULL = YES;
				CLANG_ANALYZER_NUMBER_OBJECT_CONVERSION = YES_AGGRESSIVE;
				CLANG_CXX_LANGUAGE_STANDARD = "gnu++20";
				CLANG_ENABLE_MODULES = YES;
				CLANG_ENABLE_OBJC_ARC = YES;
				CLANG_ENABLE_OBJC_WEAK = YES;
				CLANG_WARN_BLOCK_CAPTURE_AUTORELEASING = YES;
				CLANG_WARN_BOOL_CONVERSION = YES;
				CLANG_WARN_COMMA = YES;
				CLANG_WARN_CONSTANT_CONVERSION = YES;
				CLANG_WARN_DEPRECATED_OBJC_IMPLEMENTATIONS = YES;
				CLANG_WARN_DIRECT_OBJC_ISA_USAGE = YES_ERROR;
				CLANG_WARN_DOCUMENTATION_COMMENTS = YES;
				CLANG_WARN_EMPTY_BODY = YES;
				CLANG_WARN_ENUM_CONVERSION = YES;
				CLANG_WARN_INFINITE_RECURSION = YES;
				CLANG_WARN_INT_CONVERSION = YES;
				CLANG_WARN_NON_LITERAL_NULL_CONVERSION = YES;
				CLANG_WARN_OBJC_IMPLICIT_RETAIN_SELF = YES;
				CLANG_WARN_OBJC_LITERAL_CONVERSION = YES;
				CLANG_WARN_OBJC_ROOT_CLASS = YES_ERROR;
				CLANG_WARN_QUOTED_INCLUDE_IN_FRAMEWORK_HEADER = YES;
				CLANG_WARN_RANGE_LOOP_ANALYSIS = YES;
				CLANG_WARN_STRICT_PROTOTYPES = YES;
				CLANG_WARN_SUSPICIOUS_MOVE = YES;
				CLANG_WARN_UNGUARDED_AVAILABILITY = YES_AGGRESSIVE;
				CLANG_WARN_UNREACHABLE_CODE = YES;
				CLANG_WARN__DUPLICATE_METHOD_MATCH = YES;
				COPY_PHASE_STRIP = NO;
				DEBUG_INFORMATION_FORMAT = "dwarf-with-dsym";
				ENABLE_NS_ASSERTIONS = NO;
				ENABLE_STRICT_OBJC_MSGSEND = YES;
				ENABLE_USER_SCRIPT_SANDBOXING = YES;
				GCC_C_LANGUAGE_STANDARD = gnu17;
				GCC_NO_COMMON_BLOCKS = YES;
				GCC_WARN_64_TO_32_BIT_CONVERSION = YES;
				GCC_WARN_ABOUT_RETURN_TYPE = YES_ERROR;
				GCC_WARN_UNDECLARED_SELECTOR = YES;
				GCC_WARN_UNINITIALIZED_AUTOS = YES_AGGRESSIVE;
				GCC_WARN_UNUSED_FUNCTION = YES;
				GCC_WARN_UNUSED_VARIABLE = YES;
				IPHONEOS_DEPLOYMENT_TARGET = 17.0;
				LOCALIZATION_PREFERS_STRING_CATALOGS = YES;
				MTL_ENABLE_DEBUG_INFO = NO;
				MTL_FAST_MATH = YES;
				SDKROOT = iphoneos;
				SWIFT_COMPILATION_MODE = wholemodule;
				VALIDATE_PRODUCT = YES;
			};
			name = Release;
		};
		18356AEC2C8195C500A2DF98 /* Debug */ = {
			isa = XCBuildConfiguration;
			buildSettings = {
				ASSETCATALOG_COMPILER_APPICON_NAME = AppIcon;
				ASSETCATALOG_COMPILER_GLOBAL_ACCENT_COLOR_NAME = AccentColor;
				CODE_SIGN_STYLE = Automatic;
				CURRENT_PROJECT_VERSION = 1;
				DEVELOPMENT_ASSET_PATHS = "\"Test_1/Preview Content\"";
				DEVELOPMENT_TEAM = 38BKAW23ZM;
				ENABLE_PREVIEWS = YES;
				GENERATE_INFOPLIST_FILE = YES;
				INFOPLIST_FILE = "Test-1-Info.plist";
				INFOPLIST_KEY_NSLocationAlwaysUsageDescription = Permission;
				INFOPLIST_KEY_NSLocationWhenInUseUsageDescription = Permission;
				INFOPLIST_KEY_UIApplicationSceneManifest_Generation = YES;
				INFOPLIST_KEY_UIApplicationSupportsIndirectInputEvents = YES;
				INFOPLIST_KEY_UILaunchScreen_Generation = YES;
				INFOPLIST_KEY_UISupportedInterfaceOrientations = UIInterfaceOrientationPortrait;
				IPHONEOS_DEPLOYMENT_TARGET = 17.0;
				LD_RUNPATH_SEARCH_PATHS = (
					"$(inherited)",
					"@executable_path/Frameworks",
				);
				MARKETING_VERSION = 1.0;
				PRODUCT_BUNDLE_IDENTIFIER = sami.GoogleMap;
				PRODUCT_NAME = "$(TARGET_NAME)";
				SUPPORTED_PLATFORMS = "iphoneos iphonesimulator";
				SUPPORTS_MACCATALYST = NO;
				SUPPORTS_MAC_DESIGNED_FOR_IPHONE_IPAD = NO;
				SUPPORTS_XR_DESIGNED_FOR_IPHONE_IPAD = NO;
				SWIFT_EMIT_LOC_STRINGS = YES;
				SWIFT_VERSION = 5.0;
				TARGETED_DEVICE_FAMILY = 1;
			};
			name = Debug;
		};
		18356AED2C8195C500A2DF98 /* Release */ = {
			isa = XCBuildConfiguration;
			buildSettings = {
				ASSETCATALOG_COMPILER_APPICON_NAME = AppIcon;
				ASSETCATALOG_COMPILER_GLOBAL_ACCENT_COLOR_NAME = AccentColor;
				CODE_SIGN_STYLE = Automatic;
				CURRENT_PROJECT_VERSION = 1;
				DEVELOPMENT_ASSET_PATHS = "\"Test_1/Preview Content\"";
				DEVELOPMENT_TEAM = 38BKAW23ZM;
				ENABLE_PREVIEWS = YES;
				GENERATE_INFOPLIST_FILE = YES;
				INFOPLIST_FILE = "Test-1-Info.plist";
				INFOPLIST_KEY_NSLocationAlwaysUsageDescription = Permission;
				INFOPLIST_KEY_NSLocationWhenInUseUsageDescription = Permission;
				INFOPLIST_KEY_UIApplicationSceneManifest_Generation = YES;
				INFOPLIST_KEY_UIApplicationSupportsIndirectInputEvents = YES;
				INFOPLIST_KEY_UILaunchScreen_Generation = YES;
				INFOPLIST_KEY_UISupportedInterfaceOrientations = UIInterfaceOrientationPortrait;
				IPHONEOS_DEPLOYMENT_TARGET = 17.0;
				LD_RUNPATH_SEARCH_PATHS = (
					"$(inherited)",
					"@executable_path/Frameworks",
				);
				MARKETING_VERSION = 1.0;
				PRODUCT_BUNDLE_IDENTIFIER = sami.GoogleMap;
				PRODUCT_NAME = "$(TARGET_NAME)";
				SUPPORTED_PLATFORMS = "iphoneos iphonesimulator";
				SUPPORTS_MACCATALYST = NO;
				SUPPORTS_MAC_DESIGNED_FOR_IPHONE_IPAD = NO;
				SUPPORTS_XR_DESIGNED_FOR_IPHONE_IPAD = NO;
				SWIFT_EMIT_LOC_STRINGS = YES;
				SWIFT_VERSION = 5.0;
				TARGETED_DEVICE_FAMILY = 1;
			};
			name = Release;
		};
/* End XCBuildConfiguration section */

/* Begin XCConfigurationList section */
		18356AD82C8195C200A2DF98 /* Build configuration list for PBXProject "Test_1" */ = {
			isa = XCConfigurationList;
			buildConfigurations = (
				18356AE92C8195C500A2DF98 /* Debug */,
				18356AEA2C8195C500A2DF98 /* Release */,
			);
			defaultConfigurationIsVisible = 0;
			defaultConfigurationName = Release;
		};
		18356AEB2C8195C500A2DF98 /* Build configuration list for PBXNativeTarget "Test_1" */ = {
			isa = XCConfigurationList;
			buildConfigurations = (
				18356AEC2C8195C500A2DF98 /* Debug */,
				18356AED2C8195C500A2DF98 /* Release */,
			);
			defaultConfigurationIsVisible = 0;
			defaultConfigurationName = Release;
		};
/* End XCConfigurationList section */

/* Begin XCRemoteSwiftPackageReference section */
		5B98FE972C81AEF500900B8E /* XCRemoteSwiftPackageReference "ios-places-sdk" */ = {
			isa = XCRemoteSwiftPackageReference;
			repositoryURL = "https://github.com/googlemaps/ios-places-sdk";
			requirement = {
				kind = upToNextMajorVersion;
				minimumVersion = 9.1.0;
			};
		};
		5B98FE9A2C81B15000900B8E /* XCRemoteSwiftPackageReference "ios-maps-sdk" */ = {
			isa = XCRemoteSwiftPackageReference;
			repositoryURL = "https://github.com/googlemaps/ios-maps-sdk";
			requirement = {
				kind = upToNextMajorVersion;
				minimumVersion = 9.1.1;
			};
		};
/* End XCRemoteSwiftPackageReference section */

/* Begin XCSwiftPackageProductDependency section */
		5B98FE982C81AEF500900B8E /* GooglePlaces */ = {
			isa = XCSwiftPackageProductDependency;
			package = 5B98FE972C81AEF500900B8E /* XCRemoteSwiftPackageReference "ios-places-sdk" */;
			productName = GooglePlaces;
		};
		5B98FE9B2C81B15000900B8E /* GoogleMaps */ = {
			isa = XCSwiftPackageProductDependency;
			package = 5B98FE9A2C81B15000900B8E /* XCRemoteSwiftPackageReference "ios-maps-sdk" */;
			productName = GoogleMaps;
		};
/* End XCSwiftPackageProductDependency section */

/* Begin XCVersionGroup section */
		5B0A5DA92C81EAE60057098B /* PatientDetails.xcdatamodeld */ = {
			isa = XCVersionGroup;
			children = (
				5B0A5DAA2C81EAE60057098B /* PatientDetails.xcdatamodel */,
			);
			currentVersion = 5B0A5DAA2C81EAE60057098B /* PatientDetails.xcdatamodel */;
			name = PatientDetails.xcdatamodeld;
			path = /Users/sky135/Downloads/PatientApp/PatientDetails.xcdatamodeld;
			sourceTree = "<group>";
			versionGroupType = wrapper.xcdatamodel;
		};
/* End XCVersionGroup section */
	};
	rootObject = 18356AD52C8195C200A2DF98 /* Project object */;
}
